
Microsoft Visual Studio Solution File, Format Version 12.00
# Visual Studio Version 17
VisualStudioVersion = 17.5.33414.496
MinimumVisualStudioVersion = 10.0.40219.1
Project("{888888A0-9F3D-457C-B088-3A5042F75D52}") = "shougaisha-thandar", "shougaisha-thandar.pyproj", "{66D82C3A-9E78-481F-BA5C-7E9316A185AF}"
EndProject
Global
	GlobalSection(SolutionConfigurationPlatforms) = preSolution
		Debug|Any CPU = Debug|Any CPU
		Release|Any CPU = Release|Any CPU
	EndGlobalSection
	GlobalSection(ProjectConfigurationPlatforms) = postSolution
		{66D82C3A-9E78-481F-BA5C-7E9316A185AF}.Debug|Any CPU.ActiveCfg = Debug|Any CPU
		{66D82C3A-9E78-481F-BA5C-7E9316A185AF}.Debug|Any CPU.Build.0 = Debug|Any CPU
		{66D82C3A-9E78-481F-BA5C-7E9316A185AF}.Release|Any CPU.ActiveCfg = Release|Any CPU
		{66D82C3A-9E78-481F-BA5C-7E9316A185AF}.Release|Any CPU.Build.0 = Release|Any CPU
	EndGlobalSection
	GlobalSection(SolutionProperties) = preSolution
		HideSolutionNode = FALSE
	EndGlobalSection
	GlobalSection(ExtensibilityGlobals) = postSolution
		SolutionGuid = {F24319F3-2651-41E7-8669-0DE938ECDCC4}
	EndGlobalSection
EndGlobal
